
Microsoft Visual Studio Solution File, Format Version 12.00
# Visual Studio Version 17
VisualStudioVersion = 17.5.002.0
MinimumVisualStudioVersion = 10.0.40219.1
Project("{9A19103F-16F7-4668-BE54-9A1E7A4F7556}") = "Routers", "Routers\Routers.csproj", "{54FE6268-999D-43DB-B658-3CC252970CCB}"
EndProject
Project("{FAE04EC0-301F-11D3-BF4B-00C04F79EFBC}") = "Routers.Test", "Routers.Test\Routers.Test.csproj", "{5E6263B5-47E0-4668-A5DD-01ACC2AA9A8C}"
EndProject
Global
	GlobalSection(SolutionConfigurationPlatforms) = preSolution
		Debug|Any CPU = Debug|Any CPU
		Release|Any CPU = Release|Any CPU
	EndGlobalSection
	GlobalSection(ProjectConfigurationPlatforms) = postSolution
		{54FE6268-999D-43DB-B658-3CC252970CCB}.Debug|Any CPU.ActiveCfg = Debug|Any CPU
		{54FE6268-999D-43DB-B658-3CC252970CCB}.Debug|Any CPU.Build.0 = Debug|Any CPU
		{54FE6268-999D-43DB-B658-3CC252970CCB}.Release|Any CPU.ActiveCfg = Release|Any CPU
		{54FE6268-999D-43DB-B658-3CC252970CCB}.Release|Any CPU.Build.0 = Release|Any CPU
		{5E6263B5-47E0-4668-A5DD-01ACC2AA9A8C}.Debug|Any CPU.ActiveCfg = Debug|Any CPU
		{5E6263B5-47E0-4668-A5DD-01ACC2AA9A8C}.Debug|Any CPU.Build.0 = Debug|Any CPU
		{5E6263B5-47E0-4668-A5DD-01ACC2AA9A8C}.Release|Any CPU.ActiveCfg = Release|Any CPU
		{5E6263B5-47E0-4668-A5DD-01ACC2AA9A8C}.Release|Any CPU.Build.0 = Release|Any CPU
	EndGlobalSection
	GlobalSection(SolutionProperties) = preSolution
		HideSolutionNode = FALSE
	EndGlobalSection
	GlobalSection(ExtensibilityGlobals) = postSolution
		SolutionGuid = {A2A769CF-7517-42BE-B5B0-6D73D0E21079}
	EndGlobalSection
EndGlobal
